Microsoft Visual Studio Solution File, Format Version 12.00
# Visual Studio Version 17
VisualStudioVersion = 17.5.2.0
MinimumVisualStudioVersion = 10.0.40219.1
Project("{FAE04EC0-301F-11D3-BF4B-00C04F79EFBC}") = "HauntedHouse", "src\HauntedHouse.csproj", "{F9A139A3-50B6-4C71-2B3E-92E8BEECEC26}"
EndProject
Global
	GlobalSection(SolutionConfigurationPlatforms) = preSolution
		Debug|Any CPU = Debug|Any CPU
		Release|Any CPU = Release|Any CPU
	EndGlobalSection
	GlobalSection(ProjectConfigurationPlatforms) = postSolution
		{F9A139A3-50B6-4C71-2B3E-92E8BEECEC26}.Debug|Any CPU.ActiveCfg = Debug|Any CPU
		{F9A139A3-50B6-4C71-2B3E-92E8BEECEC26}.Debug|Any CPU.Build.0 = Debug|Any CPU
		{F9A139A3-50B6-4C71-2B3E-92E8BEECEC26}.Release|Any CPU.ActiveCfg = Release|Any CPU
		{F9A139A3-50B6-4C71-2B3E-92E8BEECEC26}.Release|Any CPU.Build.0 = Release|Any CPU
	EndGlobalSection
	GlobalSection(SolutionProperties) = preSolution
		HideSolutionNode = FALSE
	EndGlobalSection
	GlobalSection(ExtensibilityGlobals) = postSolution
		SolutionGuid = {E6A6B55D-D92F-43DB-8896-8E688F224D8C}
	EndGlobalSection
EndGlobal
